{
    "_meta": {
        "hash": {
          "sha256": "4cdc1f8a95be5b74f9972cc351a2dc66599b9014a7fe571619d89574201ade14"
        },
        "pipfile-spec": 6,
        "requires": {
            "python_version": "3.7"
        },
        "sources": [
            {
                "name": "pypi",
                "url": "https://pypi.org/simple",
                "verify_ssl": true
            }
        ]
    },
    "default": {
        "appdirs": {
            "hashes": [
                "sha256:9e5896d1372858f8dd3344faf4e5014d21849c756c8d5701f78f8a103b372d92",
                "sha256:d8b24664561d0d34ddfaec54636d502d7cea6e29c3eaf68f3df6180863e2166e"
            ],
            "version": "==1.4.3"
        },
      "aspy.refactor-imports": {
        "hashes": [
          "sha256:ceb44390e6ee0863d7acd5e24429ad12cbfab5dd9924ddb410753945871702f8",
          "sha256:f980a46aaed6b9b7f3a9fc78c83ec49e530c37a830d57cacb4511670231d2a52"
        ],
        "version": "==1.0.2"
      },
        "aspy.yaml": {
            "hashes": [
                "sha256:19dd2ee74f96b72a3096d78be1a872914c70982299cda137725478954870a896",
                "sha256:5eaaacd0886e8b581f0e4ff383fb6504720bb2b3c7be17307724246261a41adf"
            ],
            "version": "==1.1.2"
        },
        "attrs": {
            "hashes": [
                "sha256:10cbf6e27dbce8c30807caf056c8eb50917e0eaafe86347671b57254006c3e69",
                "sha256:ca4be454458f9dec299268d472aaa5a11f67a4ff70093396e1ceae9c76cf4bbb"
            ],
            "version": "==18.2.0"
        },
      "autoflake": {
        "hashes": [
          "sha256:c103e63466f11db3617167a2c68ff6a0cda35b940222920631c6eeec6b67e807"
        ],
        "index": "pypi",
        "version": "==1.2"
      },
        "black": {
            "hashes": [
                "sha256:817243426042db1d36617910df579a54f1afd659adb96fc5032fcf4b36209739",
                "sha256:e030a9a28f542debc08acceb273f228ac422798e5215ba2a791a6ddeaaca22a5"
            ],
            "index": "pypi",
            "version": "==18.9b0"
        },
      "cached-property": {
        "hashes": [
          "sha256:3a026f1a54135677e7da5ce819b0c690f156f37976f3e30c5430740725203d7f",
          "sha256:9217a59f14a5682da7c4b8829deadbfc194ac22e9908ccf7c8820234e80a1504"
        ],
        "version": "==1.5.1"
      },
      "certifi": {
        "hashes": [
          "sha256:47f9c83ef4c0c621eaef743f133f09fa8a74a9b75f037e8624f83bd1b6626cb7",
          "sha256:993f830721089fef441cdfeb4b2c8c9df86f0c63239f06bd025a76a7daddb033"
        ],
        "version": "==2018.11.29"
      },
        "cfgv": {
            "hashes": [
                "sha256:39d9055c47e3932908fe25abd5807e21dc002630db01c7a5f05738d027e2b706",
                "sha256:41d22dd864c474f919ecb88900000d2410d640315f75bdb79b3abf9347089641"
            ],
            "version": "==1.4.0"
        },
      "chardet": {
        "hashes": [
          "sha256:84ab92ed1c4d4f16916e05906b6b75a6c0fb5db821cc65e70cbd64a3e2a5eaae",
          "sha256:fc323ffcaeaed0e0a02bf4d117757b98aed530d9ed4531e3e15460124c106691"
        ],
        "version": "==3.0.4"
      },
        "click": {
            "hashes": [
                "sha256:2335065e6395b9e67ca716de5f7526736bfa6ceead690adf616d925bdc622b13",
                "sha256:5b94b49521f6456670fdb30cd82a4eca9412788a93fa6dd6df72c94d5a8ff2d7"
            ],
            "index": "pypi",
            "version": "==7.0"
        },
      "docopt": {
        "hashes": [
          "sha256:49b3a825280bd66b3aa83585ef59c4a8c82f2c8a522dbe754a8bc8d08c85c491"
        ],
        "version": "==0.6.2"
      },
        "identify": {
            "hashes": [
                "sha256:162e553f1c75df561301c1fd5ee2d88f579bd5dff739c53369807d84b730b489",
                "sha256:300652c011142b917f598466d1470dcf522d1e20be1412f03b60b7a06e673d51"
            ],
            "version": "==1.3.0"
        },
      "idna": {
        "hashes": [
          "sha256:c357b3f628cf53ae2c4c05627ecc484553142ca23264e593d327bcde5e9c3407",
          "sha256:ea8b7f6188e6fa117537c3df7da9fc686d485087abf6ac197f9c46432f7e4a3c"
        ],
        "version": "==2.8"
      },
        "importlib-metadata": {
            "hashes": [
                "sha256:a17ce1a8c7bff1e8674cb12c992375d8d0800c9190177ecf0ad93e0097224095",
                "sha256:b50191ead8c70adfa12495fba19ce6d75f2e0275c14c5a7beb653d6799b512bd"
            ],
            "version": "==0.8"
        },
      "isort": {
        "hashes": [
          "sha256:f19b23b22fb5a919a081bc31aabcc0991614c244d9215267e11abf2ca7b684ce"
        ],
        "index": "pypi",
        "version": "==4.3.9"
      },
        "nodeenv": {
            "hashes": [
                "sha256:ad8259494cf1c9034539f6cced78a1da4840a4b157e23640bc4a0c0546b0cb7a"
            ],
            "version": "==1.3.3"
        },
      "pipreqs": {
        "hashes": [
          "sha256:2dfa21631cb68a97515e222d6f0033b5bfb75823567ca2195d528efb18c97990",
          "sha256:cec6eecc4685967b27eb386037565a737d036045f525b9eb314631a68d60e4bc"
        ],
        "index": "pypi",
        "version": "==0.4.9"
      },
        "pre-commit": {
            "hashes": [
                "sha256:d3d69c63ae7b7584c4b51446b0b583d454548f9df92575b2fe93a68ec800c4d3",
                "sha256:fc512f129b9526e35e80d656a16a31c198f584c4fce3a5c739045b5140584917"
            ],
            "index": "pypi",
            "version": "==1.14.4"
        },
      "pyflakes": {
        "hashes": [
          "sha256:5e8c00e30c464c99e0b501dc160b13a14af7f27d4dffb529c556e30a159e231d",
          "sha256:f277f9ca3e55de669fba45b7393a1449009cff5a37d1af10ebb76c52765269cd"
        ],
        "version": "==2.1.0"
      },
        "pyyaml": {
            "hashes": [
                "sha256:3d7da3009c0f3e783b2c873687652d83b1bbfd5c88e9813fb7e5b03c0dd3108b",
                "sha256:3ef3092145e9b70e3ddd2c7ad59bdd0252a94dfe3949721633e41344de00a6bf",
                "sha256:40c71b8e076d0550b2e6380bada1f1cd1017b882f7e16f09a65be98e017f211a",
                "sha256:558dd60b890ba8fd982e05941927a3911dc409a63dcb8b634feaa0cda69330d3",
                "sha256:a7c28b45d9f99102fa092bb213aa12e0aaf9a6a1f5e395d36166639c1f96c3a1",
                "sha256:aa7dd4a6a427aed7df6fb7f08a580d68d9b118d90310374716ae90b710280af1",
                "sha256:bc558586e6045763782014934bfaf39d48b8ae85a2713117d16c39864085c613",
                "sha256:d46d7982b62e0729ad0175a9bc7e10a566fc07b224d2c79fafb5e032727eaa04",
                "sha256:d5eef459e30b09f5a098b9cea68bebfeb268697f78d647bd255a085371ac7f3f",
                "sha256:e01d3203230e1786cd91ccfdc8f8454c8069c91bee3962ad93b87a4b2860f537",
                "sha256:e170a9e6fcfd19021dd29845af83bb79236068bf5fd4df3327c1be18182b2531"
            ],
            "version": "==3.13"
        },
      "reorder-python-imports": {
        "hashes": [
          "sha256:5daa3104fea493fdd3cde210f6483294a69dd9d1810107e06eec93667767897e",
          "sha256:fb36381262a40c6e170bcb0841e53139f40671ee3b165df4c9a4fbe0fed678f6"
        ],
        "index": "pypi",
        "version": "==1.3.5"
      },
      "requests": {
        "hashes": [
          "sha256:502a824f31acdacb3a35b6690b5fbf0bc41d63a24a45c4004352b0242707598e",
          "sha256:7bf2a778576d825600030a110f3c0e3e8edc51dfaafe1c146e39a2027784957b"
        ],
        "version": "==2.21.0"
      },
        "six": {
            "hashes": [
                "sha256:3350809f0555b11f552448330d0b52d5f24c91a322ea4a15ef22629740f3761c",
                "sha256:d16a0141ec1a18405cd4ce8b4613101da75da0e9a7aec5bdd4fa804d0e0eba73"
            ],
            "version": "==1.12.0"
        },
        "toml": {
            "hashes": [
                "sha256:229f81c57791a41d65e399fc06bf0848bab550a9dfd5ed66df18ce5f05e73d5c",
                "sha256:235682dd292d5899d361a811df37e04a8828a5b1da3115886b73cf81ebc9100e"
            ],
            "version": "==0.10.0"
        },
      "urllib3": {
        "hashes": [
          "sha256:61bf29cada3fc2fbefad4fdf059ea4bd1b4a86d2b6d15e1c7c0b582b9752fe39",
          "sha256:de9529817c93f27c8ccbfead6985011db27bd0ddfcdb2d86f3f663385c6a9c22"
        ],
        "version": "==1.24.1"
      },
        "virtualenv": {
            "hashes": [
                "sha256:5a3ecdfbde67a4a3b3111301c4d64a5b71cf862c8c42958d30cf3253df1f29dd",
                "sha256:dffd40d19ab0168c02cf936de59590a3c0f2c8c4a36f363fcf3dae18728dc94e"
            ],
            "version": "==16.4.1"
        },
      "yarg": {
        "hashes": [
          "sha256:4f9cebdc00fac946c9bf2783d634e538a71c7d280a4d806d45fd4dc0ef441492",
          "sha256:55695bf4d1e3e7f756496c36a69ba32c40d18f821e38f61d028f6049e5e15911"
        ],
        "version": "==0.1.9"
      },
        "zipp": {
            "hashes": [
                "sha256:55ca87266c38af6658b84db8cfb7343cdb0bf275f93c7afaea0d8e7a209c7478",
                "sha256:682b3e1c62b7026afe24eadf6be579fb45fec54c07ea218bded8092af07a68c4"
            ],
            "version": "==0.3.3"
        }
    },
    "develop": {}
}
